# This file is automatically @generated by Cargo.
# It is not intended for manual editing.
version = 4

[[package]]
name = "runsible"
version = "0.0.1"

[[package]]
name = "runsible-config"
version = "0.0.1"

[[package]]
name = "runsible-connection"
version = "0.0.1"

[[package]]
name = "runsible-console"
version = "0.0.1"

[[package]]
name = "runsible-doc"
version = "0.0.1"

[[package]]
name = "runsible-galaxy"
version = "0.0.1"

[[package]]
name = "runsible-inventory"
version = "0.0.1"

[[package]]
name = "runsible-lint"
version = "0.0.1"

[[package]]
name = "runsible-playbook"
version = "0.0.1"

[[package]]
name = "runsible-pull"
version = "0.0.1"

[[package]]
name = "runsible-test"
version = "0.0.1"

[[package]]
name = "runsible-vault"
version = "0.0.1"

[[package]]
name = "yaml2toml"
version = "0.0.1"
